<?xml version="1.0" encoding="utf-8"?>
<Project ToolsVersion="4.0" xmlns="http://schemas.microsoft.com/developer/msbuild/2003">
  <ItemGroup>
    <ClCompile Include="src\Box.cpp" />
    <ClCompile Include="src\Camera.cpp" />
    <ClCompile Include="src\imgui.cpp" />
    <ClCompile Include="src\imgui_draw.cpp" />
    <ClCompile Include="src\imgui_impl_glfw.cpp" />
    <ClCompile Include="src\imgui_impl_opengl3.cpp" />
    <ClCompile Include="src\imgui_tables.cpp" />
    <ClCompile Include="src\imgui_widgets.cpp" />
    <ClCompile Include="src\main.cpp" />
    <ClCompile Include="src\Render_Utils.cpp" />
    <ClCompile Include="src\Shader_Loader.cpp" />
    <ClCompile Include="src\stb_image.cpp" />
    <ClCompile Include="src\Texture.cpp" />
  </ItemGroup>
  <ItemGroup>
    <ClInclude Include="src\Camera.h" />
    <ClInclude Include="src\ex_2_1a.hpp" />
    <ClInclude Include="src\ex_2_1b.hpp" />
    <ClInclude Include="src\ex_2_2.hpp" />
    <ClInclude Include="src\FastNoiseLite.h" />
    <ClInclude Include="src\imconfig.h" />
    <ClInclude Include="src\imgui.h" />
    <ClInclude Include="src\imgui_impl_glfw.h" />
    <ClInclude Include="src\imgui_impl_opengl3.h" />
    <ClInclude Include="src\imgui_impl_opengl3_loader.h" />
    <ClInclude Include="src\imgui_internal.h" />
    <ClInclude Include="src\imstb_rectpack.h" />
    <ClInclude Include="src\imstb_textedit.h" />
    <ClInclude Include="src\imstb_truetype.h" />
    <ClInclude Include="src\Render_Utils.h" />
    <ClInclude Include="src\Shader_Loader.h" />
    <ClInclude Include="src\stb_image.h" />
    <ClInclude Include="src\Texture.h" />
  </ItemGroup>
  <ItemGroup>
    <None Include="shaders\shader.frag" />
    <None Include="shaders\shader.vert" />
    <None Include="shaders\shader_2_1.frag" />
    <None Include="shaders\shader_2_1.vert" />
    <None Include="shaders\shader_2_1b.frag" />
    <None Include="shaders\shader_2_1b.vert" />
    <None Include="shaders\shader_2_2.frag" />
    <None Include="shaders\shader_2_2.vert" />
    <None Include="shaders\shader_2_3.frag" />
    <None Include="shaders\shader_2_3.vert" />
    <None Include="shaders\shader_normal.frag" />
    <None Include="shaders\shader_normal.vert" />
    <None Include="shaders\shader_shadow.frag" />
    <None Include="shaders\shader_shadow.vert" />
    <None Include="shaders\shader_skybox.frag" />
    <None Include="shaders\shader_skybox.vert" />
    <None Include="shaders\shader_tex.frag" />
    <None Include="shaders\shader_tex.vert" />
    <None Include="shader_terrain.vert" />
    <None Include="shaders\shader_terrain.frag" />
  </ItemGroup>
</Project>