
Microsoft Visual Studio Solution File, Format Version 12.00
# Visual Studio Version 17
VisualStudioVersion = 17.11.35327.3
MinimumVisualStudioVersion = 10.0.40219.1
Project("{8BC9CEB8-8B4A-11D0-8D11-00A0C91BC942}") = "grk-cw2", "cw 2\grk-cw2.vcxproj", "{B4031E08-6274-4FFD-B41C-F8EA29E977FB}"
EndProject
Global
	GlobalSection(SolutionConfigurationPlatforms) = preSolution
		Debug|x86 = Debug|x86
		Release|x86 = Release|x86
	EndGlobalSection
	GlobalSection(ProjectConfigurationPlatforms) = postSolution
		{B4031E08-6274-4FFD-B41C-F8EA29E977FB}.Debug|x86.ActiveCfg = Debug|Win32
		{B4031E08-6274-4FFD-B41C-F8EA29E977FB}.Debug|x86.Build.0 = Debug|Win32
		{B4031E08-6274-4FFD-B41C-F8EA29E977FB}.Release|x86.ActiveCfg = Release|Win32
		{B4031E08-6274-4FFD-B41C-F8EA29E977FB}.Release|x86.Build.0 = Release|Win32
	EndGlobalSection
	GlobalSection(SolutionProperties) = preSolution
		HideSolutionNode = FALSE
	EndGlobalSection
	GlobalSection(ExtensibilityGlobals) = postSolution
		SolutionGuid = {AED787C0-0952-4701-A56F-36AB5A5F246A}
	EndGlobalSection
EndGlobal
